
Microsoft Visual Studio Solution File, Format Version 12.00
# Visual Studio 14
VisualStudioVersion = 14.0.25123.0
MinimumVisualStudioVersion = 10.0.40219.1
Project("{2150E333-8FDC-42A3-9474-1A3956D46DE8}") = "Docs", "Docs", "{B19BC1BA-3B31-4A56-97C2-824A21B50E15}"
	ProjectSection(SolutionItems) = preProject
		Installation.md = Installation.md
	EndProjectSection
EndProject
Project("{2150E333-8FDC-42A3-9474-1A3956D46DE8}") = "Setup", "Setup", "{885CEA31-B685-4915-8AB4-2FD1D474648A}"
	ProjectSection(SolutionItems) = preProject
		JSONSource_Common\Setup.iss = JSONSource_Common\Setup.iss
	EndProjectSection
EndProject
Project("{FAE04EC0-301F-11D3-BF4B-00C04F79EFBC}") = "JsonSuite.UI", "JsonSuite.UI\JsonSuite.UI.csproj", "{8BCC409B-6FFB-43AB-8012-95DEFA6182EF}"
EndProject
Project("{FAE04EC0-301F-11D3-BF4B-00C04F79EFBC}") = "JsonSuite.Component", "JsonSuite.Component\JsonSuite.Component.csproj", "{3401A20B-BB8D-4D11-A758-FAD862D3459D}"
EndProject
Project("{2150E333-8FDC-42A3-9474-1A3956D46DE8}") = "Solution Items", "Solution Items", "{11447CCF-6BB9-4719-82A5-C9AC82F09D21}"
	ProjectSection(SolutionItems) = preProject
		BuildDebug.bat = BuildDebug.bat
		BuildRelease.bat = BuildRelease.bat
	EndProjectSection
EndProject
Global
	GlobalSection(SolutionConfigurationPlatforms) = preSolution
		Debug|Mixed Platforms = Debug|Mixed Platforms
		Release|Mixed Platforms = Release|Mixed Platforms
	EndGlobalSection
	GlobalSection(ProjectConfigurationPlatforms) = postSolution
		{8BCC409B-6FFB-43AB-8012-95DEFA6182EF}.Debug|Mixed Platforms.ActiveCfg = Debug|Any CPU
		{8BCC409B-6FFB-43AB-8012-95DEFA6182EF}.Debug|Mixed Platforms.Build.0 = Debug|Any CPU
		{8BCC409B-6FFB-43AB-8012-95DEFA6182EF}.Release|Mixed Platforms.ActiveCfg = Release|Any CPU
		{8BCC409B-6FFB-43AB-8012-95DEFA6182EF}.Release|Mixed Platforms.Build.0 = Release|Any CPU
		{3401A20B-BB8D-4D11-A758-FAD862D3459D}.Debug|Mixed Platforms.ActiveCfg = Debug|Any CPU
		{3401A20B-BB8D-4D11-A758-FAD862D3459D}.Debug|Mixed Platforms.Build.0 = Debug|Any CPU
		{3401A20B-BB8D-4D11-A758-FAD862D3459D}.Release|Mixed Platforms.ActiveCfg = Release|Any CPU
		{3401A20B-BB8D-4D11-A758-FAD862D3459D}.Release|Mixed Platforms.Build.0 = Release|Any CPU
	EndGlobalSection
	GlobalSection(SolutionProperties) = preSolution
		HideSolutionNode = FALSE
	EndGlobalSection
EndGlobal
