
Microsoft Visual Studio Solution File, Format Version 12.00
# Visual Studio 14
VisualStudioVersion = 14.0.25123.0
MinimumVisualStudioVersion = 10.0.40219.1
Project("{159641D6-6404-4A2A-AE62-294DE0FE8301}") = "JsonArrayTest", "JsonArrayTest\JsonArrayTest.dtproj", "{D26259ED-6E9D-4954-B529-B865E5331F6A}"
EndProject
Global
	GlobalSection(SolutionConfigurationPlatforms) = preSolution
		Development|Default = Development|Default
	EndGlobalSection
	GlobalSection(ProjectConfigurationPlatforms) = postSolution
		{D26259ED-6E9D-4954-B529-B865E5331F6A}.Development|Default.ActiveCfg = Development
		{D26259ED-6E9D-4954-B529-B865E5331F6A}.Development|Default.Build.0 = Development
	EndGlobalSection
	GlobalSection(SolutionProperties) = preSolution
		HideSolutionNode = FALSE
	EndGlobalSection
EndGlobal
